
Microsoft Visual Studio Solution File, Format Version 12.00
# Visual Studio 15
VisualStudioVersion = 15.0.28010.2036
MinimumVisualStudioVersion = 10.0.40219.1
Project("{FAE04EC0-301F-11D3-BF4B-00C04F79EFBC}") = "ERP_Api", "ERP_Api\ERP_Api.csproj", "{9EE798E2-0460-46E4-ABC3-B292DEBE3310}"
EndProject
Project("{FAE04EC0-301F-11D3-BF4B-00C04F79EFBC}") = "ERP_DAL", "ERP_DAL\ERP_DAL.csproj", "{8A0CFB74-8A92-4AC1-B04C-A3FA1CF33B2B}"
EndProject
Project("{FAE04EC0-301F-11D3-BF4B-00C04F79EFBC}") = "ERP_BLL", "ERP_BLL\ERP_BLL.csproj", "{8CF40F48-F162-4577-83B9-B6C1DAC7BF71}"
EndProject
Project("{FAE04EC0-301F-11D3-BF4B-00C04F79EFBC}") = "ERP_MODEL", "ERP_MODEL\ERP_MODEL.csproj", "{7CAB28B5-C87A-4412-A472-4A1B05F3FF28}"
EndProject
Global
	GlobalSection(SolutionConfigurationPlatforms) = preSolution
		Debug|Any CPU = Debug|Any CPU
		Release|Any CPU = Release|Any CPU
	EndGlobalSection
	GlobalSection(ProjectConfigurationPlatforms) = postSolution
		{9EE798E2-0460-46E4-ABC3-B292DEBE3310}.Debug|Any CPU.ActiveCfg = Debug|Any CPU
		{9EE798E2-0460-46E4-ABC3-B292DEBE3310}.Debug|Any CPU.Build.0 = Debug|Any CPU
		{9EE798E2-0460-46E4-ABC3-B292DEBE3310}.Release|Any CPU.ActiveCfg = Release|Any CPU
		{9EE798E2-0460-46E4-ABC3-B292DEBE3310}.Release|Any CPU.Build.0 = Release|Any CPU
		{8A0CFB74-8A92-4AC1-B04C-A3FA1CF33B2B}.Debug|Any CPU.ActiveCfg = Debug|Any CPU
		{8A0CFB74-8A92-4AC1-B04C-A3FA1CF33B2B}.Debug|Any CPU.Build.0 = Debug|Any CPU
		{8A0CFB74-8A92-4AC1-B04C-A3FA1CF33B2B}.Release|Any CPU.ActiveCfg = Release|Any CPU
		{8A0CFB74-8A92-4AC1-B04C-A3FA1CF33B2B}.Release|Any CPU.Build.0 = Release|Any CPU
		{8CF40F48-F162-4577-83B9-B6C1DAC7BF71}.Debug|Any CPU.ActiveCfg = Debug|Any CPU
		{8CF40F48-F162-4577-83B9-B6C1DAC7BF71}.Debug|Any CPU.Build.0 = Debug|Any CPU
		{8CF40F48-F162-4577-83B9-B6C1DAC7BF71}.Release|Any CPU.ActiveCfg = Release|Any CPU
		{8CF40F48-F162-4577-83B9-B6C1DAC7BF71}.Release|Any CPU.Build.0 = Release|Any CPU
		{7CAB28B5-C87A-4412-A472-4A1B05F3FF28}.Debug|Any CPU.ActiveCfg = Debug|Any CPU
		{7CAB28B5-C87A-4412-A472-4A1B05F3FF28}.Debug|Any CPU.Build.0 = Debug|Any CPU
		{7CAB28B5-C87A-4412-A472-4A1B05F3FF28}.Release|Any CPU.ActiveCfg = Release|Any CPU
		{7CAB28B5-C87A-4412-A472-4A1B05F3FF28}.Release|Any CPU.Build.0 = Release|Any CPU
	EndGlobalSection
	GlobalSection(SolutionProperties) = preSolution
		HideSolutionNode = FALSE
	EndGlobalSection
	GlobalSection(ExtensibilityGlobals) = postSolution
		SolutionGuid = {78F77899-19A3-4C3A-80B5-7A45840EB791}
	EndGlobalSection
EndGlobal
